// !$*UTF8*$!
{
	archiveVersion = 1;
	classes = {
	};
	objectVersion = 56;
	objects = {

/* Begin PBXBuildFile section */
		7E07CBC929E713EC0033F80C /* LanguageHistoryApp.swift in Sources */ = {isa = PBXBuildFile; fileRef = 7E07CBC829E713EC0033F80C /* LanguageHistoryApp.swift */; };
		7E07CBCB29E713EC0033F80C /* ContentView.swift in Sources */ = {isa = PBXBuildFile; fileRef = 7E07CBCA29E713EC0033F80C /* ContentView.swift */; };
		7E07CBCD29E713ED0033F80C /* Assets.xcassets in Resources */ = {isa = PBXBuildFile; fileRef = 7E07CBCC29E713ED0033F80C /* Assets.xcassets */; };
		7E07CBD129E713ED0033F80C /* Preview Assets.xcassets in Resources */ = {isa = PBXBuildFile; fileRef = 7E07CBD029E713ED0033F80C /* Preview Assets.xcassets */; };
		7E07CBDB29E714E70033F80C /* LangCardView.swift in Sources */ = {isa = PBXBuildFile; fileRef = 7E07CBDA29E714E70033F80C /* LangCardView.swift */; };
		7E07CBDD29E715010033F80C /* LangDetailView.swift in Sources */ = {isa = PBXBuildFile; fileRef = 7E07CBDC29E715010033F80C /* LangDetailView.swift */; };
		7E07CBDF29E7151C0033F80C /* Language.swift in Sources */ = {isa = PBXBuildFile; fileRef = 7E07CBDE29E7151C0033F80C /* Language.swift */; };
		7E07CBE129E716270033F80C /* LanguageModel.swift in Sources */ = {isa = PBXBuildFile; fileRef = 7E07CBE029E716270033F80C /* LanguageModel.swift */; };
		7E07CBE429E716950033F80C /* DataService.swift in Sources */ = {isa = PBXBuildFile; fileRef = 7E07CBE329E716950033F80C /* DataService.swift */; };
		7E07CBE729E716D90033F80C /* languages.json in Resources */ = {isa = PBXBuildFile; fileRef = 7E07CBE629E716D90033F80C /* languages.json */; };
/* End PBXBuildFile section */

/* Begin PBXFileReference section */
		7E07CBC529E713EC0033F80C /* LanguageHistory.app */ = {isa = PBXFileReference; explicitFileType = wrapper.application; includeInIndex = 0; path = LanguageHistory.app; sourceTree = BUILT_PRODUCTS_DIR; };
		7E07CBC829E713EC0033F80C /* LanguageHistoryApp.swift */ = {isa = PBXFileReference; lastKnownFileType = sourcecode.swift; path = LanguageHistoryApp.swift; sourceTree = "<group>"; };
		7E07CBCA29E713EC0033F80C /* ContentView.swift */ = {isa = PBXFileReference; lastKnownFileType = sourcecode.swift; path = ContentView.swift; sourceTree = "<group>"; };
		7E07CBCC29E713ED0033F80C /* Assets.xcassets */ = {isa = PBXFileReference; lastKnownFileType = folder.assetcatalog; path = Assets.xcassets; sourceTree = "<group>"; };
		7E07CBCE29E713ED0033F80C /* LanguageHistory.entitlements */ = {isa = PBXFileReference; lastKnownFileType = text.plist.entitlements; path = LanguageHistory.entitlements; sourceTree = "<group>"; };
		7E07CBD029E713ED0033F80C /* Preview Assets.xcassets */ = {isa = PBXFileReference; lastKnownFileType = folder.assetcatalog; path = "Preview Assets.xcassets"; sourceTree = "<group>"; };
		7E07CBDA29E714E70033F80C /* LangCardView.swift */ = {isa = PBXFileReference; lastKnownFileType = sourcecode.swift; path = LangCardView.swift; sourceTree = "<group>"; };
		7E07CBDC29E715010033F80C /* LangDetailView.swift */ = {isa = PBXFileReference; lastKnownFileType = sourcecode.swift; path = LangDetailView.swift; sourceTree = "<group>"; };
		7E07CBDE29E7151C0033F80C /* Language.swift */ = {isa = PBXFileReference; lastKnownFileType = sourcecode.swift; path = Language.swift; sourceTree = "<group>"; };
		7E07CBE029E716270033F80C /* LanguageModel.swift */ = {isa = PBXFileReference; lastKnownFileType = sourcecode.swift; path = LanguageModel.swift; sourceTree = "<group>"; };
		7E07CBE329E716950033F80C /* DataService.swift */ = {isa = PBXFileReference; lastKnownFileType = sourcecode.swift; path = DataService.swift; sourceTree = "<group>"; };
		7E07CBE629E716D90033F80C /* languages.json */ = {isa = PBXFileReference; lastKnownFileType = text.json; path = languages.json; sourceTree = "<group>"; };
/* End PBXFileReference section */

/* Begin PBXFrameworksBuildPhase section */
		7E07CBC229E713EC0033F80C /* Frameworks */ = {
			isa = PBXFrameworksBuildPhase;
			buildActionMask = 2147483647;
			files = (
			);
			runOnlyForDeploymentPostprocessing = 0;
		};
/* End PBXFrameworksBuildPhase section */

/* Begin PBXGroup section */
		7E07CBBC29E713EC0033F80C = {
			isa = PBXGroup;
			children = (
				7E07CBC729E713EC0033F80C /* LanguageHistory */,
				7E07CBC629E713EC0033F80C /* Products */,
			);
			sourceTree = "<group>";
		};
		7E07CBC629E713EC0033F80C /* Products */ = {
			isa = PBXGroup;
			children = (
				7E07CBC529E713EC0033F80C /* LanguageHistory.app */,
			);
			name = Products;
			sourceTree = "<group>";
		};
		7E07CBC729E713EC0033F80C /* LanguageHistory */ = {
			isa = PBXGroup;
			children = (
				7E07CBC829E713EC0033F80C /* LanguageHistoryApp.swift */,
				7E07CBD729E714440033F80C /* Views */,
				7E07CBD829E714480033F80C /* ViewModels */,
				7E07CBD929E714510033F80C /* Models */,
				7E07CBE229E716820033F80C /* Services */,
				7E07CBE529E716B60033F80C /* Data */,
				7E07CBCC29E713ED0033F80C /* Assets.xcassets */,
				7E07CBCE29E713ED0033F80C /* LanguageHistory.entitlements */,
				7E07CBCF29E713ED0033F80C /* Preview Content */,
			);
			path = LanguageHistory;
			sourceTree = "<group>";
		};
		7E07CBCF29E713ED0033F80C /* Preview Content */ = {
			isa = PBXGroup;
			children = (
				7E07CBD029E713ED0033F80C /* Preview Assets.xcassets */,
			);
			path = "Preview Content";
			sourceTree = "<group>";
		};
		7E07CBD729E714440033F80C /* Views */ = {
			isa = PBXGroup;
			children = (
				7E07CBCA29E713EC0033F80C /* ContentView.swift */,
				7E07CBDA29E714E70033F80C /* LangCardView.swift */,
				7E07CBDC29E715010033F80C /* LangDetailView.swift */,
			);
			path = Views;
			sourceTree = "<group>";
		};
		7E07CBD829E714480033F80C /* ViewModels */ = {
			isa = PBXGroup;
			children = (
				7E07CBE029E716270033F80C /* LanguageModel.swift */,
			);
			path = ViewModels;
			sourceTree = "<group>";
		};
		7E07CBD929E714510033F80C /* Models */ = {
			isa = PBXGroup;
			children = (
				7E07CBDE29E7151C0033F80C /* Language.swift */,
			);
			path = Models;
			sourceTree = "<group>";
		};
		7E07CBE229E716820033F80C /* Services */ = {
			isa = PBXGroup;
			children = (
				7E07CBE329E716950033F80C /* DataService.swift */,
			);
			path = Services;
			sourceTree = "<group>";
		};
		7E07CBE529E716B60033F80C /* Data */ = {
			isa = PBXGroup;
			children = (
				7E07CBE629E716D90033F80C /* languages.json */,
			);
			path = Data;
			sourceTree = "<group>";
		};
/* End PBXGroup section */

/* Begin PBXNativeTarget section */
		7E07CBC429E713EC0033F80C /* LanguageHistory */ = {
			isa = PBXNativeTarget;
			buildConfigurationList = 7E07CBD429E713ED0033F80C /* Build configuration list for PBXNativeTarget "LanguageHistory" */;
			buildPhases = (
				7E07CBC129E713EC0033F80C /* Sources */,
				7E07CBC229E713EC0033F80C /* Frameworks */,
				7E07CBC329E713EC0033F80C /* Resources */,
			);
			buildRules = (
			);
			dependencies = (
			);
			name = LanguageHistory;
			productName = LanguageHistory;
			productReference = 7E07CBC529E713EC0033F80C /* LanguageHistory.app */;
			productType = "com.apple.product-type.application";
		};
/* End PBXNativeTarget section */

/* Begin PBXProject section */
		7E07CBBD29E713EC0033F80C /* Project object */ = {
			isa = PBXProject;
			attributes = {
				BuildIndependentTargetsInParallel = 1;
				LastSwiftUpdateCheck = 1420;
				LastUpgradeCheck = 1420;
				TargetAttributes = {
					7E07CBC429E713EC0033F80C = {
						CreatedOnToolsVersion = 14.2;
					};
				};
			};
			buildConfigurationList = 7E07CBC029E713EC0033F80C /* Build configuration list for PBXProject "LanguageHistory" */;
			compatibilityVersion = "Xcode 14.0";
			developmentRegion = en;
			hasScannedForEncodings = 0;
			knownRegions = (
				en,
				Base,
			);
			mainGroup = 7E07CBBC29E713EC0033F80C;
			productRefGroup = 7E07CBC629E713EC0033F80C /* Products */;
			projectDirPath = "";
			projectRoot = "";
			targets = (
				7E07CBC429E713EC0033F80C /* LanguageHistory */,
			);
		};
/* End PBXProject section */

/* Begin PBXResourcesBuildPhase section */
		7E07CBC329E713EC0033F80C /* Resources */ = {
			isa = PBXResourcesBuildPhase;
			buildActionMask = 2147483647;
			files = (
				7E07CBE729E716D90033F80C /* languages.json in Resources */,
				7E07CBD129E713ED0033F80C /* Preview Assets.xcassets in Resources */,
				7E07CBCD29E713ED0033F80C /* Assets.xcassets in Resources */,
			);
			runOnlyForDeploymentPostprocessing = 0;
		};
/* End PBXResourcesBuildPhase section */

/* Begin PBXSourcesBuildPhase section */
		7E07CBC129E713EC0033F80C /* Sources */ = {
			isa = PBXSourcesBuildPhase;
			buildActionMask = 2147483647;
			files = (
				7E07CBCB29E713EC0033F80C /* ContentView.swift in Sources */,
				7E07CBE429E716950033F80C /* DataService.swift in Sources */,
				7E07CBE129E716270033F80C /* LanguageModel.swift in Sources */,
				7E07CBDF29E7151C0033F80C /* Language.swift in Sources */,
				7E07CBC929E713EC0033F80C /* LanguageHistoryApp.swift in Sources */,
				7E07CBDB29E714E70033F80C /* LangCardView.swift in Sources */,
				7E07CBDD29E715010033F80C /* LangDetailView.swift in Sources */,
			);
			runOnlyForDeploymentPostprocessing = 0;
		};
/* End PBXSourcesBuildPhase section */

/* Begin XCBuildConfiguration section */
		7E07CBD229E713ED0033F80C /* Debug */ = {
			isa = XCBuildConfiguration;
			buildSettings = {
				ALWAYS_SEARCH_USER_PATHS = NO;
				CLANG_ANALYZER_NONNULL = YES;
				CLANG_ANALYZER_NUMBER_OBJECT_CONVERSION = YES_AGGRESSIVE;
				CLANG_CXX_LANGUAGE_STANDARD = "gnu++20";
				CLANG_ENABLE_MODULES = YES;
				CLANG_ENABLE_OBJC_ARC = YES;
				CLANG_ENABLE_OBJC_WEAK = YES;
				CLANG_WARN_BLOCK_CAPTURE_AUTORELEASING = YES;
				CLANG_WARN_BOOL_CONVERSION = YES;
				CLANG_WARN_COMMA = YES;
				CLANG_WARN_CONSTANT_CONVERSION = YES;
				CLANG_WARN_DEPRECATED_OBJC_IMPLEMENTATIONS = YES;
				CLANG_WARN_DIRECT_OBJC_ISA_USAGE = YES_ERROR;
				CLANG_WARN_DOCUMENTATION_COMMENTS = YES;
				CLANG_WARN_EMPTY_BODY = YES;
				CLANG_WARN_ENUM_CONVERSION = YES;
				CLANG_WARN_INFINITE_RECURSION = YES;
				CLANG_WARN_INT_CONVERSION = YES;
				CLANG_WARN_NON_LITERAL_NULL_CONVERSION = YES;
				CLANG_WARN_OBJC_IMPLICIT_RETAIN_SELF = YES;
				CLANG_WARN_OBJC_LITERAL_CONVERSION = YES;
				CLANG_WARN_OBJC_ROOT_CLASS = YES_ERROR;
				CLANG_WARN_QUOTED_INCLUDE_IN_FRAMEWORK_HEADER = YES;
				CLANG_WARN_RANGE_LOOP_ANALYSIS = YES;
				CLANG_WARN_STRICT_PROTOTYPES = YES;
				CLANG_WARN_SUSPICIOUS_MOVE = YES;
				CLANG_WARN_UNGUARDED_AVAILABILITY = YES_AGGRESSIVE;
				CLANG_WARN_UNREACHABLE_CODE = YES;
				CLANG_WARN__DUPLICATE_METHOD_MATCH = YES;
				COPY_PHASE_STRIP = NO;
				DEBUG_INFORMATION_FORMAT = dwarf;
				ENABLE_STRICT_OBJC_MSGSEND = YES;
				ENABLE_TESTABILITY = YES;
				GCC_C_LANGUAGE_STANDARD = gnu11;
				GCC_DYNAMIC_NO_PIC = NO;
				GCC_NO_COMMON_BLOCKS = YES;
				GCC_OPTIMIZATION_LEVEL = 0;
				GCC_PREPROCESSOR_DEFINITIONS = (
					"DEBUG=1",
					"$(inherited)",
				);
				GCC_WARN_64_TO_32_BIT_CONVERSION = YES;
				GCC_WARN_ABOUT_RETURN_TYPE = YES_ERROR;
				GCC_WARN_UNDECLARED_SELECTOR = YES;
				GCC_WARN_UNINITIALIZED_AUTOS = YES_AGGRESSIVE;
				GCC_WARN_UNUSED_FUNCTION = YES;
				GCC_WARN_UNUSED_VARIABLE = YES;
				MTL_ENABLE_DEBUG_INFO = INCLUDE_SOURCE;
				MTL_FAST_MATH = YES;
				ONLY_ACTIVE_ARCH = YES;
				SWIFT_ACTIVE_COMPILATION_CONDITIONS = DEBUG;
				SWIFT_OPTIMIZATION_LEVEL = "-Onone";
			};
			name = Debug;
		};
		7E07CBD329E713ED0033F80C /* Release */ = {
			isa = XCBuildConfiguration;
			buildSettings = {
				ALWAYS_SEARCH_USER_PATHS = NO;
				CLANG_ANALYZER_NONNULL = YES;
				CLANG_ANALYZER_NUMBER_OBJECT_CONVERSION = YES_AGGRESSIVE;
				CLANG_CXX_LANGUAGE_STANDARD = "gnu++20";
				CLANG_ENABLE_MODULES = YES;
				CLANG_ENABLE_OBJC_ARC = YES;
				CLANG_ENABLE_OBJC_WEAK = YES;
				CLANG_WARN_BLOCK_CAPTURE_AUTORELEASING = YES;
				CLANG_WARN_BOOL_CONVERSION = YES;
				CLANG_WARN_COMMA = YES;
				CLANG_WARN_CONSTANT_CONVERSION = YES;
				CLANG_WARN_DEPRECATED_OBJC_IMPLEMENTATIONS = YES;
				CLANG_WARN_DIRECT_OBJC_ISA_USAGE = YES_ERROR;
				CLANG_WARN_DOCUMENTATION_COMMENTS = YES;
				CLANG_WARN_EMPTY_BODY = YES;
				CLANG_WARN_ENUM_CONVERSION = YES;
				CLANG_WARN_INFINITE_RECURSION = YES;
				CLANG_WARN_INT_CONVERSION = YES;
				CLANG_WARN_NON_LITERAL_NULL_CONVERSION = YES;
				CLANG_WARN_OBJC_IMPLICIT_RETAIN_SELF = YES;
				CLANG_WARN_OBJC_LITERAL_CONVERSION = YES;
				CLANG_WARN_OBJC_ROOT_CLASS = YES_ERROR;
				CLANG_WARN_QUOTED_INCLUDE_IN_FRAMEWORK_HEADER = YES;
				CLANG_WARN_RANGE_LOOP_ANALYSIS = YES;
				CLANG_WARN_STRICT_PROTOTYPES = YES;
				CLANG_WARN_SUSPICIOUS_MOVE = YES;
				CLANG_WARN_UNGUARDED_AVAILABILITY = YES_AGGRESSIVE;
				CLANG_WARN_UNREACHABLE_CODE = YES;
				CLANG_WARN__DUPLICATE_METHOD_MATCH = YES;
				COPY_PHASE_STRIP = NO;
				DEBUG_INFORMATION_FORMAT = "dwarf-with-dsym";
				ENABLE_NS_ASSERTIONS = NO;
				ENABLE_STRICT_OBJC_MSGSEND = YES;
				GCC_C_LANGUAGE_STANDARD = gnu11;
				GCC_NO_COMMON_BLOCKS = YES;
				GCC_WARN_64_TO_32_BIT_CONVERSION = YES;
				GCC_WARN_ABOUT_RETURN_TYPE = YES_ERROR;
				GCC_WARN_UNDECLARED_SELECTOR = YES;
				GCC_WARN_UNINITIALIZED_AUTOS = YES_AGGRESSIVE;
				GCC_WARN_UNUSED_FUNCTION = YES;
				GCC_WARN_UNUSED_VARIABLE = YES;
				MTL_ENABLE_DEBUG_INFO = NO;
				MTL_FAST_MATH = YES;
				SWIFT_COMPILATION_MODE = wholemodule;
				SWIFT_OPTIMIZATION_LEVEL = "-O";
			};
			name = Release;
		};
		7E07CBD529E713ED0033F80C /* Debug */ = {
			isa = XCBuildConfiguration;
			buildSettings = {
				ASSETCATALOG_COMPILER_APPICON_NAME = AppIcon;
				ASSETCATALOG_COMPILER_GLOBAL_ACCENT_COLOR_NAME = AccentColor;
				CODE_SIGN_ENTITLEMENTS = LanguageHistory/LanguageHistory.entitlements;
				CODE_SIGN_STYLE = Automatic;
				CURRENT_PROJECT_VERSION = 1;
				DEVELOPMENT_ASSET_PATHS = "\"LanguageHistory/Preview Content\"";
				DEVELOPMENT_TEAM = NNLU6344SB;
				ENABLE_HARDENED_RUNTIME = YES;
				ENABLE_PREVIEWS = YES;
				GENERATE_INFOPLIST_FILE = YES;
				"INFOPLIST_KEY_UIApplicationSceneManifest_Generation[sdk=iphoneos*]" = YES;
				"INFOPLIST_KEY_UIApplicationSceneManifest_Generation[sdk=iphonesimulator*]" = YES;
				"INFOPLIST_KEY_UIApplicationSupportsIndirectInputEvents[sdk=iphoneos*]" = YES;
				"INFOPLIST_KEY_UIApplicationSupportsIndirectInputEvents[sdk=iphonesimulator*]" = YES;
				"INFOPLIST_KEY_UILaunchScreen_Generation[sdk=iphoneos*]" = YES;
				"INFOPLIST_KEY_UILaunchScreen_Generation[sdk=iphonesimulator*]" = YES;
				"INFOPLIST_KEY_UIStatusBarStyle[sdk=iphoneos*]" = UIStatusBarStyleDefault;
				"INFOPLIST_KEY_UIStatusBarStyle[sdk=iphonesimulator*]" = UIStatusBarStyleDefault;
				INFOPLIST_KEY_UISupportedInterfaceOrientations_iPad = "UIInterfaceOrientationPortrait UIInterfaceOrientationPortraitUpsideDown UIInterfaceOrientationLandscapeLeft UIInterfaceOrientationLandscapeRight";
				INFOPLIST_KEY_UISupportedInterfaceOrientations_iPhone = "UIInterfaceOrientationPortrait UIInterfaceOrientationLandscapeLeft UIInterfaceOrientationLandscapeRight";
				IPHONEOS_DEPLOYMENT_TARGET = 16.2;
				LD_RUNPATH_SEARCH_PATHS = "@executable_path/Frameworks";
				"LD_RUNPATH_SEARCH_PATHS[sdk=macosx*]" = "@executable_path/../Frameworks";
				MACOSX_DEPLOYMENT_TARGET = 12.6;
				MARKETING_VERSION = 1.0;
				PRODUCT_BUNDLE_IDENTIFIER = LuminFX.LanguageHistory;
				PRODUCT_NAME = "$(TARGET_NAME)";
				SDKROOT = auto;
				SUPPORTED_PLATFORMS = "iphoneos iphonesimulator macosx";
				SWIFT_EMIT_LOC_STRINGS = YES;
				SWIFT_VERSION = 5.0;
				TARGETED_DEVICE_FAMILY = "1,2";
			};
			name = Debug;
		};
		7E07CBD629E713ED0033F80C /* Release */ = {
			isa = XCBuildConfiguration;
			buildSettings = {
				ASSETCATALOG_COMPILER_APPICON_NAME = AppIcon;
				ASSETCATALOG_COMPILER_GLOBAL_ACCENT_COLOR_NAME = AccentColor;
				CODE_SIGN_ENTITLEMENTS = LanguageHistory/LanguageHistory.entitlements;
				CODE_SIGN_STYLE = Automatic;
				CURRENT_PROJECT_VERSION = 1;
				DEVELOPMENT_ASSET_PATHS = "\"LanguageHistory/Preview Content\"";
				DEVELOPMENT_TEAM = NNLU6344SB;
				ENABLE_HARDENED_RUNTIME = YES;
				ENABLE_PREVIEWS = YES;
				GENERATE_INFOPLIST_FILE = YES;
				"INFOPLIST_KEY_UIApplicationSceneManifest_Generation[sdk=iphoneos*]" = YES;
				"INFOPLIST_KEY_UIApplicationSceneManifest_Generation[sdk=iphonesimulator*]" = YES;
				"INFOPLIST_KEY_UIApplicationSupportsIndirectInputEvents[sdk=iphoneos*]" = YES;
				"INFOPLIST_KEY_UIApplicationSupportsIndirectInputEvents[sdk=iphonesimulator*]" = YES;
				"INFOPLIST_KEY_UILaunchScreen_Generation[sdk=iphoneos*]" = YES;
				"INFOPLIST_KEY_UILaunchScreen_Generation[sdk=iphonesimulator*]" = YES;
				"INFOPLIST_KEY_UIStatusBarStyle[sdk=iphoneos*]" = UIStatusBarStyleDefault;
				"INFOPLIST_KEY_UIStatusBarStyle[sdk=iphonesimulator*]" = UIStatusBarStyleDefault;
				INFOPLIST_KEY_UISupportedInterfaceOrientations_iPad = "UIInterfaceOrientationPortrait UIInterfaceOrientationPortraitUpsideDown UIInterfaceOrientationLandscapeLeft UIInterfaceOrientationLandscapeRight";
				INFOPLIST_KEY_UISupportedInterfaceOrientations_iPhone = "UIInterfaceOrientationPortrait UIInterfaceOrientationLandscapeLeft UIInterfaceOrientationLandscapeRight";
				IPHONEOS_DEPLOYMENT_TARGET = 16.2;
				LD_RUNPATH_SEARCH_PATHS = "@executable_path/Frameworks";
				"LD_RUNPATH_SEARCH_PATHS[sdk=macosx*]" = "@executable_path/../Frameworks";
				MACOSX_DEPLOYMENT_TARGET = 12.6;
				MARKETING_VERSION = 1.0;
				PRODUCT_BUNDLE_IDENTIFIER = LuminFX.LanguageHistory;
				PRODUCT_NAME = "$(TARGET_NAME)";
				SDKROOT = auto;
				SUPPORTED_PLATFORMS = "iphoneos iphonesimulator macosx";
				SWIFT_EMIT_LOC_STRINGS = YES;
				SWIFT_VERSION = 5.0;
				TARGETED_DEVICE_FAMILY = "1,2";
			};
			name = Release;
		};
/* End XCBuildConfiguration section */

/* Begin XCConfigurationList section */
		7E07CBC029E713EC0033F80C /* Build configuration list for PBXProject "LanguageHistory" */ = {
			isa = XCConfigurationList;
			buildConfigurations = (
				7E07CBD229E713ED0033F80C /* Debug */,
				7E07CBD329E713ED0033F80C /* Release */,
			);
			defaultConfigurationIsVisible = 0;
			defaultConfigurationName = Release;
		};
		7E07CBD429E713ED0033F80C /* Build configuration list for PBXNativeTarget "LanguageHistory" */ = {
			isa = XCConfigurationList;
			buildConfigurations = (
				7E07CBD529E713ED0033F80C /* Debug */,
				7E07CBD629E713ED0033F80C /* Release */,
			);
			defaultConfigurationIsVisible = 0;
			defaultConfigurationName = Release;
		};
/* End XCConfigurationList section */
	};
	rootObject = 7E07CBBD29E713EC0033F80C /* Project object */;
}
